
Microsoft Visual Studio Solution File, Format Version 12.00
# Visual Studio 14
VisualStudioVersion = 14.0.25420.1
MinimumVisualStudioVersion = 10.0.40219.1
Project("{8BC9CEB8-8B4A-11D0-8D11-00A0C91BC942}") = "win-desk", "win-desk.vcxproj", "{280AFD37-05B5-473B-90A8-4123D5543AFF}"
EndProject
Project("{8BC9CEB8-8B4A-11D0-8D11-00A0C91BC942}") = "win-desk-example", "win-desk-example.vcxproj", "{84CFF2C4-B390-4995-8FE4-04B2C5E1247D}"
EndProject
Global
	GlobalSection(SolutionConfigurationPlatforms) = preSolution
		Debug|x64 = Debug|x64
		Debug|x86 = Debug|x86
		Release|x64 = Release|x64
		Release|x86 = Release|x86
	EndGlobalSection
	GlobalSection(ProjectConfigurationPlatforms) = postSolution
		{280AFD37-05B5-473B-90A8-4123D5543AFF}.Debug|x64.ActiveCfg = Debug|x64
		{280AFD37-05B5-473B-90A8-4123D5543AFF}.Debug|x64.Build.0 = Debug|x64
		{280AFD37-05B5-473B-90A8-4123D5543AFF}.Debug|x86.ActiveCfg = Debug|Win32
		{280AFD37-05B5-473B-90A8-4123D5543AFF}.Debug|x86.Build.0 = Debug|Win32
		{280AFD37-05B5-473B-90A8-4123D5543AFF}.Release|x64.ActiveCfg = Release|x64
		{280AFD37-05B5-473B-90A8-4123D5543AFF}.Release|x64.Build.0 = Release|x64
		{280AFD37-05B5-473B-90A8-4123D5543AFF}.Release|x86.ActiveCfg = Release|Win32
		{280AFD37-05B5-473B-90A8-4123D5543AFF}.Release|x86.Build.0 = Release|Win32
		{84CFF2C4-B390-4995-8FE4-04B2C5E1247D}.Debug|x64.ActiveCfg = Debug|x64
		{84CFF2C4-B390-4995-8FE4-04B2C5E1247D}.Debug|x64.Build.0 = Debug|x64
		{84CFF2C4-B390-4995-8FE4-04B2C5E1247D}.Debug|x86.ActiveCfg = Debug|Win32
		{84CFF2C4-B390-4995-8FE4-04B2C5E1247D}.Debug|x86.Build.0 = Debug|Win32
		{84CFF2C4-B390-4995-8FE4-04B2C5E1247D}.Release|x64.ActiveCfg = Release|x64
		{84CFF2C4-B390-4995-8FE4-04B2C5E1247D}.Release|x64.Build.0 = Release|x64
		{84CFF2C4-B390-4995-8FE4-04B2C5E1247D}.Release|x86.ActiveCfg = Release|Win32
		{84CFF2C4-B390-4995-8FE4-04B2C5E1247D}.Release|x86.Build.0 = Release|Win32
	EndGlobalSection
	GlobalSection(SolutionProperties) = preSolution
		HideSolutionNode = FALSE
	EndGlobalSection
EndGlobal
